
Microsoft Visual Studio Solution File, Format Version 12.00
# Visual Studio Version 17
VisualStudioVersion = 17.9.34616.47
MinimumVisualStudioVersion = 10.0.40219.1
Project("{FAE04EC0-301F-11D3-BF4B-00C04F79EFBC}") = "Takács_Krisztián_backend", "Takács_Krisztián_backend.csproj", "{20430FBC-FEB7-48A4-B62F-926C3DDD5F88}"
EndProject
Global
	GlobalSection(SolutionConfigurationPlatforms) = preSolution
		Debug|Any CPU = Debug|Any CPU
		Release|Any CPU = Release|Any CPU
	EndGlobalSection
	GlobalSection(ProjectConfigurationPlatforms) = postSolution
		{20430FBC-FEB7-48A4-B62F-926C3DDD5F88}.Debug|Any CPU.ActiveCfg = Debug|Any CPU
		{20430FBC-FEB7-48A4-B62F-926C3DDD5F88}.Debug|Any CPU.Build.0 = Debug|Any CPU
		{20430FBC-FEB7-48A4-B62F-926C3DDD5F88}.Release|Any CPU.ActiveCfg = Release|Any CPU
		{20430FBC-FEB7-48A4-B62F-926C3DDD5F88}.Release|Any CPU.Build.0 = Release|Any CPU
	EndGlobalSection
	GlobalSection(SolutionProperties) = preSolution
		HideSolutionNode = FALSE
	EndGlobalSection
	GlobalSection(ExtensibilityGlobals) = postSolution
		SolutionGuid = {D0FF0139-F753-4861-85E3-34CA417401E7}
	EndGlobalSection
EndGlobal
